// !$*UTF8*$!
{
	archiveVersion = 1;
	classes = {
	};
	objectVersion = 50;
	objects = {

/* Begin PBXBuildFile section */
		FAAF41D125F61E2E0020DB95 /* AppDelegate.m in Sources */ = {isa = PBXBuildFile; fileRef = FAAF41D025F61E2E0020DB95 /* AppDelegate.m */; };
		FAAF41D425F61E2E0020DB95 /* SceneDelegate.m in Sources */ = {isa = PBXBuildFile; fileRef = FAAF41D325F61E2E0020DB95 /* SceneDelegate.m */; };
		FAAF41D725F61E2E0020DB95 /* ViewController.m in Sources */ = {isa = PBXBuildFile; fileRef = FAAF41D625F61E2E0020DB95 /* ViewController.m */; };
		FAAF41DA25F61E2F0020DB95 /* Main.storyboard in Resources */ = {isa = PBXBuildFile; fileRef = FAAF41D825F61E2F0020DB95 /* Main.storyboard */; };
		FAAF41DC25F61E300020DB95 /* Assets.xcassets in Resources */ = {isa = PBXBuildFile; fileRef = FAAF41DB25F61E300020DB95 /* Assets.xcassets */; };
		FAAF41DF25F61E300020DB95 /* LaunchScreen.storyboard in Resources */ = {isa = PBXBuildFile; fileRef = FAAF41DD25F61E300020DB95 /* LaunchScreen.storyboard */; };
		FAAF41E225F61E300020DB95 /* main.m in Sources */ = {isa = PBXBuildFile; fileRef = FAAF41E125F61E300020DB95 /* main.m */; };
/* End PBXBuildFile section */

/* Begin PBXFileReference section */
		FAAF41CC25F61E2E0020DB95 /* KokoDemo.app */ = {isa = PBXFileReference; explicitFileType = wrapper.application; includeInIndex = 0; path = KokoDemo.app; sourceTree = BUILT_PRODUCTS_DIR; };
		FAAF41CF25F61E2E0020DB95 /* AppDelegate.h */ = {isa = PBXFileReference; lastKnownFileType = sourcecode.c.h; path = AppDelegate.h; sourceTree = "<group>"; };
		FAAF41D025F61E2E0020DB95 /* AppDelegate.m */ = {isa = PBXFileReference; lastKnownFileType = sourcecode.c.objc; path = AppDelegate.m; sourceTree = "<group>"; };
		FAAF41D225F61E2E0020DB95 /* SceneDelegate.h */ = {isa = PBXFileReference; lastKnownFileType = sourcecode.c.h; path = SceneDelegate.h; sourceTree = "<group>"; };
		FAAF41D325F61E2E0020DB95 /* SceneDelegate.m */ = {isa = PBXFileReference; lastKnownFileType = sourcecode.c.objc; path = SceneDelegate.m; sourceTree = "<group>"; };
		FAAF41D525F61E2E0020DB95 /* ViewController.h */ = {isa = PBXFileReference; lastKnownFileType = sourcecode.c.h; path = ViewController.h; sourceTree = "<group>"; };
		FAAF41D625F61E2E0020DB95 /* ViewController.m */ = {isa = PBXFileReference; lastKnownFileType = sourcecode.c.objc; path = ViewController.m; sourceTree = "<group>"; };
		FAAF41D925F61E2F0020DB95 /* Base */ = {isa = PBXFileReference; lastKnownFileType = file.storyboard; name = Base; path = Base.lproj/Main.storyboard; sourceTree = "<group>"; };
		FAAF41DB25F61E300020DB95 /* Assets.xcassets */ = {isa = PBXFileReference; lastKnownFileType = folder.assetcatalog; path = Assets.xcassets; sourceTree = "<group>"; };
		FAAF41DE25F61E300020DB95 /* Base */ = {isa = PBXFileReference; lastKnownFileType = file.storyboard; name = Base; path = Base.lproj/LaunchScreen.storyboard; sourceTree = "<group>"; };
		FAAF41E025F61E300020DB95 /* Info.plist */ = {isa = PBXFileReference; lastKnownFileType = text.plist.xml; path = Info.plist; sourceTree = "<group>"; };
		FAAF41E125F61E300020DB95 /* main.m */ = {isa = PBXFileReference; lastKnownFileType = sourcecode.c.objc; path = main.m; sourceTree = "<group>"; };
/* End PBXFileReference section */

/* Begin PBXFrameworksBuildPhase section */
		FAAF41C925F61E2E0020DB95 /* Frameworks */ = {
			isa = PBXFrameworksBuildPhase;
			buildActionMask = 2147483647;
			files = (
			);
			runOnlyForDeploymentPostprocessing = 0;
		};
/* End PBXFrameworksBuildPhase section */

/* Begin PBXGroup section */
		FAAF41C325F61E2E0020DB95 = {
			isa = PBXGroup;
			children = (
				FAAF41CE25F61E2E0020DB95 /* KokoDemo */,
				FAAF41CD25F61E2E0020DB95 /* Products */,
			);
			sourceTree = "<group>";
		};
		FAAF41CD25F61E2E0020DB95 /* Products */ = {
			isa = PBXGroup;
			children = (
				FAAF41CC25F61E2E0020DB95 /* KokoDemo.app */,
			);
			name = Products;
			sourceTree = "<group>";
		};
		FAAF41CE25F61E2E0020DB95 /* KokoDemo */ = {
			isa = PBXGroup;
			children = (
				FAAF41CF25F61E2E0020DB95 /* AppDelegate.h */,
				FAAF41D025F61E2E0020DB95 /* AppDelegate.m */,
				FAAF41D225F61E2E0020DB95 /* SceneDelegate.h */,
				FAAF41D325F61E2E0020DB95 /* SceneDelegate.m */,
				FAAF41D525F61E2E0020DB95 /* ViewController.h */,
				FAAF41D625F61E2E0020DB95 /* ViewController.m */,
				FAAF41D825F61E2F0020DB95 /* Main.storyboard */,
				FAAF41DB25F61E300020DB95 /* Assets.xcassets */,
				FAAF41DD25F61E300020DB95 /* LaunchScreen.storyboard */,
				FAAF41E025F61E300020DB95 /* Info.plist */,
				FAAF41E125F61E300020DB95 /* main.m */,
			);
			path = KokoDemo;
			sourceTree = "<group>";
		};
/* End PBXGroup section */

/* Begin PBXNativeTarget section */
		FAAF41CB25F61E2E0020DB95 /* KokoDemo */ = {
			isa = PBXNativeTarget;
			buildConfigurationList = FAAF41E525F61E300020DB95 /* Build configuration list for PBXNativeTarget "KokoDemo" */;
			buildPhases = (
				FAAF41C825F61E2E0020DB95 /* Sources */,
				FAAF41C925F61E2E0020DB95 /* Frameworks */,
				FAAF41CA25F61E2E0020DB95 /* Resources */,
			);
			buildRules = (
			);
			dependencies = (
			);
			name = KokoDemo;
			productName = KokoDemo;
			productReference = FAAF41CC25F61E2E0020DB95 /* KokoDemo.app */;
			productType = "com.apple.product-type.application";
		};
/* End PBXNativeTarget section */

/* Begin PBXProject section */
		FAAF41C425F61E2E0020DB95 /* Project object */ = {
			isa = PBXProject;
			attributes = {
				LastUpgradeCheck = 1120;
				ORGANIZATIONNAME = "Alex Zhang";
				TargetAttributes = {
					FAAF41CB25F61E2E0020DB95 = {
						CreatedOnToolsVersion = 11.2.1;
					};
				};
			};
			buildConfigurationList = FAAF41C725F61E2E0020DB95 /* Build configuration list for PBXProject "KokoDemo" */;
			compatibilityVersion = "Xcode 9.3";
			developmentRegion = en;
			hasScannedForEncodings = 0;
			knownRegions = (
				en,
				Base,
			);
			mainGroup = FAAF41C325F61E2E0020DB95;
			productRefGroup = FAAF41CD25F61E2E0020DB95 /* Products */;
			projectDirPath = "";
			projectRoot = "";
			targets = (
				FAAF41CB25F61E2E0020DB95 /* KokoDemo */,
			);
		};
/* End PBXProject section */

/* Begin PBXResourcesBuildPhase section */
		FAAF41CA25F61E2E0020DB95 /* Resources */ = {
			isa = PBXResourcesBuildPhase;
			buildActionMask = 2147483647;
			files = (
				FAAF41DF25F61E300020DB95 /* LaunchScreen.storyboard in Resources */,
				FAAF41DC25F61E300020DB95 /* Assets.xcassets in Resources */,
				FAAF41DA25F61E2F0020DB95 /* Main.storyboard in Resources */,
			);
			runOnlyForDeploymentPostprocessing = 0;
		};
/* End PBXResourcesBuildPhase section */

/* Begin PBXSourcesBuildPhase section */
		FAAF41C825F61E2E0020DB95 /* Sources */ = {
			isa = PBXSourcesBuildPhase;
			buildActionMask = 2147483647;
			files = (
				FAAF41D725F61E2E0020DB95 /* ViewController.m in Sources */,
				FAAF41D125F61E2E0020DB95 /* AppDelegate.m in Sources */,
				FAAF41E225F61E300020DB95 /* main.m in Sources */,
				FAAF41D425F61E2E0020DB95 /* SceneDelegate.m in Sources */,
			);
			runOnlyForDeploymentPostprocessing = 0;
		};
/* End PBXSourcesBuildPhase section */

/* Begin PBXVariantGroup section */
		FAAF41D825F61E2F0020DB95 /* Main.storyboard */ = {
			isa = PBXVariantGroup;
			children = (
				FAAF41D925F61E2F0020DB95 /* Base */,
			);
			name = Main.storyboard;
			sourceTree = "<group>";
		};
		FAAF41DD25F61E300020DB95 /* LaunchScreen.storyboard */ = {
			isa = PBXVariantGroup;
			children = (
				FAAF41DE25F61E300020DB95 /* Base */,
			);
			name = LaunchScreen.storyboard;
			sourceTree = "<group>";
		};
/* End PBXVariantGroup section */

/* Begin XCBuildConfiguration section */
		FAAF41E325F61E300020DB95 /* Debug */ = {
			isa = XCBuildConfiguration;
			buildSettings = {
				ALWAYS_SEARCH_USER_PATHS = NO;
				CLANG_ANALYZER_NONNULL = YES;
				CLANG_ANALYZER_NUMBER_OBJECT_CONVERSION = YES_AGGRESSIVE;
				CLANG_CXX_LANGUAGE_STANDARD = "gnu++14";
				CLANG_CXX_LIBRARY = "libc++";
				CLANG_ENABLE_MODULES = YES;
				CLANG_ENABLE_OBJC_ARC = YES;
				CLANG_ENABLE_OBJC_WEAK = YES;
				CLANG_WARN_BLOCK_CAPTURE_AUTORELEASING = YES;
				CLANG_WARN_BOOL_CONVERSION = YES;
				CLANG_WARN_COMMA = YES;
				CLANG_WARN_CONSTANT_CONVERSION = YES;
				CLANG_WARN_DEPRECATED_OBJC_IMPLEMENTATIONS = YES;
				CLANG_WARN_DIRECT_OBJC_ISA_USAGE = YES_ERROR;
				CLANG_WARN_DOCUMENTATION_COMMENTS = YES;
				CLANG_WARN_EMPTY_BODY = YES;
				CLANG_WARN_ENUM_CONVERSION = YES;
				CLANG_WARN_INFINITE_RECURSION = YES;
				CLANG_WARN_INT_CONVERSION = YES;
				CLANG_WARN_NON_LITERAL_NULL_CONVERSION = YES;
				CLANG_WARN_OBJC_IMPLICIT_RETAIN_SELF = YES;
				CLANG_WARN_OBJC_LITERAL_CONVERSION = YES;
				CLANG_WARN_OBJC_ROOT_CLASS = YES_ERROR;
				CLANG_WARN_RANGE_LOOP_ANALYSIS = YES;
				CLANG_WARN_STRICT_PROTOTYPES = YES;
				CLANG_WARN_SUSPICIOUS_MOVE = YES;
				CLANG_WARN_UNGUARDED_AVAILABILITY = YES_AGGRESSIVE;
				CLANG_WARN_UNREACHABLE_CODE = YES;
				CLANG_WARN__DUPLICATE_METHOD_MATCH = YES;
				COPY_PHASE_STRIP = NO;
				DEBUG_INFORMATION_FORMAT = dwarf;
				ENABLE_STRICT_OBJC_MSGSEND = YES;
				ENABLE_TESTABILITY = YES;
				GCC_C_LANGUAGE_STANDARD = gnu11;
				GCC_DYNAMIC_NO_PIC = NO;
				GCC_NO_COMMON_BLOCKS = YES;
				GCC_OPTIMIZATION_LEVEL = 0;
				GCC_PREPROCESSOR_DEFINITIONS = (
					"DEBUG=1",
					"$(inherited)",
				);
				GCC_WARN_64_TO_32_BIT_CONVERSION = YES;
				GCC_WARN_ABOUT_RETURN_TYPE = YES_ERROR;
				GCC_WARN_UNDECLARED_SELECTOR = YES;
				GCC_WARN_UNINITIALIZED_AUTOS = YES_AGGRESSIVE;
				GCC_WARN_UNUSED_FUNCTION = YES;
				GCC_WARN_UNUSED_VARIABLE = YES;
				IPHONEOS_DEPLOYMENT_TARGET = 13.2;
				MTL_ENABLE_DEBUG_INFO = INCLUDE_SOURCE;
				MTL_FAST_MATH = YES;
				ONLY_ACTIVE_ARCH = YES;
				SDKROOT = iphoneos;
			};
			name = Debug;
		};
		FAAF41E425F61E300020DB95 /* Release */ = {
			isa = XCBuildConfiguration;
			buildSettings = {
				ALWAYS_SEARCH_USER_PATHS = NO;
				CLANG_ANALYZER_NONNULL = YES;
				CLANG_ANALYZER_NUMBER_OBJECT_CONVERSION = YES_AGGRESSIVE;
				CLANG_CXX_LANGUAGE_STANDARD = "gnu++14";
				CLANG_CXX_LIBRARY = "libc++";
				CLANG_ENABLE_MODULES = YES;
				CLANG_ENABLE_OBJC_ARC = YES;
				CLANG_ENABLE_OBJC_WEAK = YES;
				CLANG_WARN_BLOCK_CAPTURE_AUTORELEASING = YES;
				CLANG_WARN_BOOL_CONVERSION = YES;
				CLANG_WARN_COMMA = YES;
				CLANG_WARN_CONSTANT_CONVERSION = YES;
				CLANG_WARN_DEPRECATED_OBJC_IMPLEMENTATIONS = YES;
				CLANG_WARN_DIRECT_OBJC_ISA_USAGE = YES_ERROR;
				CLANG_WARN_DOCUMENTATION_COMMENTS = YES;
				CLANG_WARN_EMPTY_BODY = YES;
				CLANG_WARN_ENUM_CONVERSION = YES;
				CLANG_WARN_INFINITE_RECURSION = YES;
				CLANG_WARN_INT_CONVERSION = YES;
				CLANG_WARN_NON_LITERAL_NULL_CONVERSION = YES;
				CLANG_WARN_OBJC_IMPLICIT_RETAIN_SELF = YES;
				CLANG_WARN_OBJC_LITERAL_CONVERSION = YES;
				CLANG_WARN_OBJC_ROOT_CLASS = YES_ERROR;
				CLANG_WARN_RANGE_LOOP_ANALYSIS = YES;
				CLANG_WARN_STRICT_PROTOTYPES = YES;
				CLANG_WARN_SUSPICIOUS_MOVE = YES;
				CLANG_WARN_UNGUARDED_AVAILABILITY = YES_AGGRESSIVE;
				CLANG_WARN_UNREACHABLE_CODE = YES;
				CLANG_WARN__DUPLICATE_METHOD_MATCH = YES;
				COPY_PHASE_STRIP = NO;
				DEBUG_INFORMATION_FORMAT = "dwarf-with-dsym";
				ENABLE_NS_ASSERTIONS = NO;
				ENABLE_STRICT_OBJC_MSGSEND = YES;
				GCC_C_LANGUAGE_STANDARD = gnu11;
				GCC_NO_COMMON_BLOCKS = YES;
				GCC_WARN_64_TO_32_BIT_CONVERSION = YES;
				GCC_WARN_ABOUT_RETURN_TYPE = YES_ERROR;
				GCC_WARN_UNDECLARED_SELECTOR = YES;
				GCC_WARN_UNINITIALIZED_AUTOS = YES_AGGRESSIVE;
				GCC_WARN_UNUSED_FUNCTION = YES;
				GCC_WARN_UNUSED_VARIABLE = YES;
				IPHONEOS_DEPLOYMENT_TARGET = 13.2;
				MTL_ENABLE_DEBUG_INFO = NO;
				MTL_FAST_MATH = YES;
				SDKROOT = iphoneos;
				VALIDATE_PRODUCT = YES;
			};
			name = Release;
		};
		FAAF41E625F61E300020DB95 /* Debug */ = {
			isa = XCBuildConfiguration;
			buildSettings = {
				ASSETCATALOG_COMPILER_APPICON_NAME = AppIcon;
				CODE_SIGN_STYLE = Automatic;
				INFOPLIST_FILE = KokoDemo/Info.plist;
				LD_RUNPATH_SEARCH_PATHS = (
					"$(inherited)",
					"@executable_path/Frameworks",
				);
				PRODUCT_BUNDLE_IDENTIFIER = alex.KokoDemo;
				PRODUCT_NAME = "$(TARGET_NAME)";
				TARGETED_DEVICE_FAMILY = "1,2";
			};
			name = Debug;
		};
		FAAF41E725F61E300020DB95 /* Release */ = {
			isa = XCBuildConfiguration;
			buildSettings = {
				ASSETCATALOG_COMPILER_APPICON_NAME = AppIcon;
				CODE_SIGN_STYLE = Automatic;
				INFOPLIST_FILE = KokoDemo/Info.plist;
				LD_RUNPATH_SEARCH_PATHS = (
					"$(inherited)",
					"@executable_path/Frameworks",
				);
				PRODUCT_BUNDLE_IDENTIFIER = alex.KokoDemo;
				PRODUCT_NAME = "$(TARGET_NAME)";
				TARGETED_DEVICE_FAMILY = "1,2";
			};
			name = Release;
		};
/* End XCBuildConfiguration section */

/* Begin XCConfigurationList section */
		FAAF41C725F61E2E0020DB95 /* Build configuration list for PBXProject "KokoDemo" */ = {
			isa = XCConfigurationList;
			buildConfigurations = (
				FAAF41E325F61E300020DB95 /* Debug */,
				FAAF41E425F61E300020DB95 /* Release */,
			);
			defaultConfigurationIsVisible = 0;
			defaultConfigurationName = Release;
		};
		FAAF41E525F61E300020DB95 /* Build configuration list for PBXNativeTarget "KokoDemo" */ = {
			isa = XCConfigurationList;
			buildConfigurations = (
				FAAF41E625F61E300020DB95 /* Debug */,
				FAAF41E725F61E300020DB95 /* Release */,
			);
			defaultConfigurationIsVisible = 0;
			defaultConfigurationName = Release;
		};
/* End XCConfigurationList section */
	};
	rootObject = FAAF41C425F61E2E0020DB95 /* Project object */;
}
